// !$*UTF8*$!
{
	archiveVersion = 1;
	classes = {
	};
	objectVersion = 56;
	objects = {

/* Begin PBXBuildFile section */
		4FEDCBD22AC2E0C900C3BEC2 /* HotelApp.swift in Sources */ = {isa = PBXBuildFile; fileRef = 4FEDCBD12AC2E0C900C3BEC2 /* HotelApp.swift */; };
		4FEDCBD42AC2E0C900C3BEC2 /* ContentView.swift in Sources */ = {isa = PBXBuildFile; fileRef = 4FEDCBD32AC2E0C900C3BEC2 /* ContentView.swift */; };
		4FEDCBD62AC2E0CB00C3BEC2 /* Assets.xcassets in Resources */ = {isa = PBXBuildFile; fileRef = 4FEDCBD52AC2E0CB00C3BEC2 /* Assets.xcassets */; };
		4FEDCBD92AC2E0CB00C3BEC2 /* Preview Assets.xcassets in Resources */ = {isa = PBXBuildFile; fileRef = 4FEDCBD82AC2E0CB00C3BEC2 /* Preview Assets.xcassets */; };
		4FEDCBE32AC2E27700C3BEC2 /* HotelScreen.swift in Sources */ = {isa = PBXBuildFile; fileRef = 4FEDCBE22AC2E27700C3BEC2 /* HotelScreen.swift */; };
		4FEDCBE62AC2E2E800C3BEC2 /* Resources.swift in Sources */ = {isa = PBXBuildFile; fileRef = 4FEDCBE52AC2E2E800C3BEC2 /* Resources.swift */; };
		4FEDCC002AC2E49400C3BEC2 /* Text+Font.swift in Sources */ = {isa = PBXBuildFile; fileRef = 4FEDCBFF2AC2E49400C3BEC2 /* Text+Font.swift */; };
		4FEDCC012AC2E81900C3BEC2 /* SF-Pro-Display-HeavyItalic.otf in Resources */ = {isa = PBXBuildFile; fileRef = 4FEDCBEF2AC2E40B00C3BEC2 /* SF-Pro-Display-HeavyItalic.otf */; };
		4FEDCC022AC2E81900C3BEC2 /* SF-Pro-Display-Medium.otf in Resources */ = {isa = PBXBuildFile; fileRef = 4FEDCBEE2AC2E40B00C3BEC2 /* SF-Pro-Display-Medium.otf */; };
		4FEDCC032AC2E81900C3BEC2 /* SF-Pro-Display-MediumItalic.otf in Resources */ = {isa = PBXBuildFile; fileRef = 4FEDCBF42AC2E40C00C3BEC2 /* SF-Pro-Display-MediumItalic.otf */; };
		4FEDCC042AC2E81900C3BEC2 /* SF-Pro-Display-ThinItalic.otf in Resources */ = {isa = PBXBuildFile; fileRef = 4FEDCBF52AC2E40C00C3BEC2 /* SF-Pro-Display-ThinItalic.otf */; };
		4FEDCC052AC2E81900C3BEC2 /* SF-Pro-Display-Heavy.otf in Resources */ = {isa = PBXBuildFile; fileRef = 4FEDCBF72AC2E40D00C3BEC2 /* SF-Pro-Display-Heavy.otf */; };
		4FEDCC062AC2E81900C3BEC2 /* SF-Pro-Display-BoldItalic.otf in Resources */ = {isa = PBXBuildFile; fileRef = 4FEDCBEA2AC2E40B00C3BEC2 /* SF-Pro-Display-BoldItalic.otf */; };
		4FEDCC072AC2E81900C3BEC2 /* SF-Pro-Display-RegularItalic.otf in Resources */ = {isa = PBXBuildFile; fileRef = 4FEDCBE92AC2E40B00C3BEC2 /* SF-Pro-Display-RegularItalic.otf */; };
		4FEDCC082AC2E81900C3BEC2 /* SF-Pro-Display-Thin.otf in Resources */ = {isa = PBXBuildFile; fileRef = 4FEDCBF02AC2E40B00C3BEC2 /* SF-Pro-Display-Thin.otf */; };
		4FEDCC092AC2E81900C3BEC2 /* SF-Pro-Display-Black.otf in Resources */ = {isa = PBXBuildFile; fileRef = 4FEDCBF12AC2E40B00C3BEC2 /* SF-Pro-Display-Black.otf */; };
		4FEDCC0A2AC2E81900C3BEC2 /* SF-Pro-Display-Light.otf in Resources */ = {isa = PBXBuildFile; fileRef = 4FEDCBEB2AC2E40B00C3BEC2 /* SF-Pro-Display-Light.otf */; };
		4FEDCC0B2AC2E81900C3BEC2 /* SF-Pro-Display-SemiboldItalic.otf in Resources */ = {isa = PBXBuildFile; fileRef = 4FEDCBF62AC2E40C00C3BEC2 /* SF-Pro-Display-SemiboldItalic.otf */; };
		4FEDCC0C2AC2E81900C3BEC2 /* SF-Pro-Display-UltralightItalic.otf in Resources */ = {isa = PBXBuildFile; fileRef = 4FEDCBF82AC2E40D00C3BEC2 /* SF-Pro-Display-UltralightItalic.otf */; };
		4FEDCC0D2AC2E81900C3BEC2 /* SF-Pro-Display-Regular.otf in Resources */ = {isa = PBXBuildFile; fileRef = 4FEDCBF92AC2E40D00C3BEC2 /* SF-Pro-Display-Regular.otf */; };
		4FEDCC0E2AC2E81900C3BEC2 /* SF-Pro-Display-Semibold.otf in Resources */ = {isa = PBXBuildFile; fileRef = 4FEDCBF22AC2E40B00C3BEC2 /* SF-Pro-Display-Semibold.otf */; };
		4FEDCC0F2AC2E81900C3BEC2 /* SF-Pro-Display-BlackItalic.otf in Resources */ = {isa = PBXBuildFile; fileRef = 4FEDCBED2AC2E40B00C3BEC2 /* SF-Pro-Display-BlackItalic.otf */; };
		4FEDCC102AC2E81900C3BEC2 /* SF-Pro-Display-LightItalic.otf in Resources */ = {isa = PBXBuildFile; fileRef = 4FEDCBF32AC2E40C00C3BEC2 /* SF-Pro-Display-LightItalic.otf */; };
		4FEDCC112AC2E81900C3BEC2 /* SF-Pro-Display-Ultralight.otf in Resources */ = {isa = PBXBuildFile; fileRef = 4FEDCBEC2AC2E40B00C3BEC2 /* SF-Pro-Display-Ultralight.otf */; };
		4FEDCC122AC2E81900C3BEC2 /* SF-Pro-Display-Bold.otf in Resources */ = {isa = PBXBuildFile; fileRef = 4FEDCBFA2AC2E40D00C3BEC2 /* SF-Pro-Display-Bold.otf */; };
/* End PBXBuildFile section */

/* Begin PBXFileReference section */
		4FEDCBCE2AC2E0C900C3BEC2 /* Hotel.app */ = {isa = PBXFileReference; explicitFileType = wrapper.application; includeInIndex = 0; path = Hotel.app; sourceTree = BUILT_PRODUCTS_DIR; };
		4FEDCBD12AC2E0C900C3BEC2 /* HotelApp.swift */ = {isa = PBXFileReference; lastKnownFileType = sourcecode.swift; path = HotelApp.swift; sourceTree = "<group>"; };
		4FEDCBD32AC2E0C900C3BEC2 /* ContentView.swift */ = {isa = PBXFileReference; lastKnownFileType = sourcecode.swift; path = ContentView.swift; sourceTree = "<group>"; };
		4FEDCBD52AC2E0CB00C3BEC2 /* Assets.xcassets */ = {isa = PBXFileReference; lastKnownFileType = folder.assetcatalog; path = Assets.xcassets; sourceTree = "<group>"; };
		4FEDCBD82AC2E0CB00C3BEC2 /* Preview Assets.xcassets */ = {isa = PBXFileReference; lastKnownFileType = folder.assetcatalog; path = "Preview Assets.xcassets"; sourceTree = "<group>"; };
		4FEDCBE22AC2E27700C3BEC2 /* HotelScreen.swift */ = {isa = PBXFileReference; lastKnownFileType = sourcecode.swift; path = HotelScreen.swift; sourceTree = "<group>"; };
		4FEDCBE52AC2E2E800C3BEC2 /* Resources.swift */ = {isa = PBXFileReference; lastKnownFileType = sourcecode.swift; path = Resources.swift; sourceTree = "<group>"; };
		4FEDCBE92AC2E40B00C3BEC2 /* SF-Pro-Display-RegularItalic.otf */ = {isa = PBXFileReference; lastKnownFileType = file; path = "SF-Pro-Display-RegularItalic.otf"; sourceTree = "<group>"; };
		4FEDCBEA2AC2E40B00C3BEC2 /* SF-Pro-Display-BoldItalic.otf */ = {isa = PBXFileReference; lastKnownFileType = file; path = "SF-Pro-Display-BoldItalic.otf"; sourceTree = "<group>"; };
		4FEDCBEB2AC2E40B00C3BEC2 /* SF-Pro-Display-Light.otf */ = {isa = PBXFileReference; lastKnownFileType = file; path = "SF-Pro-Display-Light.otf"; sourceTree = "<group>"; };
		4FEDCBEC2AC2E40B00C3BEC2 /* SF-Pro-Display-Ultralight.otf */ = {isa = PBXFileReference; lastKnownFileType = file; path = "SF-Pro-Display-Ultralight.otf"; sourceTree = "<group>"; };
		4FEDCBED2AC2E40B00C3BEC2 /* SF-Pro-Display-BlackItalic.otf */ = {isa = PBXFileReference; lastKnownFileType = file; path = "SF-Pro-Display-BlackItalic.otf"; sourceTree = "<group>"; };
		4FEDCBEE2AC2E40B00C3BEC2 /* SF-Pro-Display-Medium.otf */ = {isa = PBXFileReference; lastKnownFileType = file; path = "SF-Pro-Display-Medium.otf"; sourceTree = "<group>"; };
		4FEDCBEF2AC2E40B00C3BEC2 /* SF-Pro-Display-HeavyItalic.otf */ = {isa = PBXFileReference; lastKnownFileType = file; path = "SF-Pro-Display-HeavyItalic.otf"; sourceTree = "<group>"; };
		4FEDCBF02AC2E40B00C3BEC2 /* SF-Pro-Display-Thin.otf */ = {isa = PBXFileReference; lastKnownFileType = file; path = "SF-Pro-Display-Thin.otf"; sourceTree = "<group>"; };
		4FEDCBF12AC2E40B00C3BEC2 /* SF-Pro-Display-Black.otf */ = {isa = PBXFileReference; lastKnownFileType = file; path = "SF-Pro-Display-Black.otf"; sourceTree = "<group>"; };
		4FEDCBF22AC2E40B00C3BEC2 /* SF-Pro-Display-Semibold.otf */ = {isa = PBXFileReference; lastKnownFileType = file; path = "SF-Pro-Display-Semibold.otf"; sourceTree = "<group>"; };
		4FEDCBF32AC2E40C00C3BEC2 /* SF-Pro-Display-LightItalic.otf */ = {isa = PBXFileReference; lastKnownFileType = file; path = "SF-Pro-Display-LightItalic.otf"; sourceTree = "<group>"; };
		4FEDCBF42AC2E40C00C3BEC2 /* SF-Pro-Display-MediumItalic.otf */ = {isa = PBXFileReference; lastKnownFileType = file; path = "SF-Pro-Display-MediumItalic.otf"; sourceTree = "<group>"; };
		4FEDCBF52AC2E40C00C3BEC2 /* SF-Pro-Display-ThinItalic.otf */ = {isa = PBXFileReference; lastKnownFileType = file; path = "SF-Pro-Display-ThinItalic.otf"; sourceTree = "<group>"; };
		4FEDCBF62AC2E40C00C3BEC2 /* SF-Pro-Display-SemiboldItalic.otf */ = {isa = PBXFileReference; lastKnownFileType = file; path = "SF-Pro-Display-SemiboldItalic.otf"; sourceTree = "<group>"; };
		4FEDCBF72AC2E40D00C3BEC2 /* SF-Pro-Display-Heavy.otf */ = {isa = PBXFileReference; lastKnownFileType = file; path = "SF-Pro-Display-Heavy.otf"; sourceTree = "<group>"; };
		4FEDCBF82AC2E40D00C3BEC2 /* SF-Pro-Display-UltralightItalic.otf */ = {isa = PBXFileReference; lastKnownFileType = file; path = "SF-Pro-Display-UltralightItalic.otf"; sourceTree = "<group>"; };
		4FEDCBF92AC2E40D00C3BEC2 /* SF-Pro-Display-Regular.otf */ = {isa = PBXFileReference; lastKnownFileType = file; path = "SF-Pro-Display-Regular.otf"; sourceTree = "<group>"; };
		4FEDCBFA2AC2E40D00C3BEC2 /* SF-Pro-Display-Bold.otf */ = {isa = PBXFileReference; lastKnownFileType = file; path = "SF-Pro-Display-Bold.otf"; sourceTree = "<group>"; };
		4FEDCBFF2AC2E49400C3BEC2 /* Text+Font.swift */ = {isa = PBXFileReference; lastKnownFileType = sourcecode.swift; path = "Text+Font.swift"; sourceTree = "<group>"; };
		4FEDCC132AC2E84A00C3BEC2 /* Info.plist */ = {isa = PBXFileReference; lastKnownFileType = text.plist; path = Info.plist; sourceTree = "<group>"; };
/* End PBXFileReference section */

/* Begin PBXFrameworksBuildPhase section */
		4FEDCBCB2AC2E0C900C3BEC2 /* Frameworks */ = {
			isa = PBXFrameworksBuildPhase;
			buildActionMask = 2147483647;
			files = (
			);
			runOnlyForDeploymentPostprocessing = 0;
		};
/* End PBXFrameworksBuildPhase section */

/* Begin PBXGroup section */
		4FEDCBC52AC2E0C900C3BEC2 = {
			isa = PBXGroup;
			children = (
				4FEDCBD02AC2E0C900C3BEC2 /* Hotel */,
				4FEDCBCF2AC2E0C900C3BEC2 /* Products */,
			);
			sourceTree = "<group>";
		};
		4FEDCBCF2AC2E0C900C3BEC2 /* Products */ = {
			isa = PBXGroup;
			children = (
				4FEDCBCE2AC2E0C900C3BEC2 /* Hotel.app */,
			);
			name = Products;
			sourceTree = "<group>";
		};
		4FEDCBD02AC2E0C900C3BEC2 /* Hotel */ = {
			isa = PBXGroup;
			children = (
				4FEDCC132AC2E84A00C3BEC2 /* Info.plist */,
				4FEDCBFC2AC2E42A00C3BEC2 /* Extensions */,
				4FEDCBE42AC2E2B800C3BEC2 /* Resources */,
				4FEDCBDF2AC2E26200C3BEC2 /* Modules */,
				4FEDCBD12AC2E0C900C3BEC2 /* HotelApp.swift */,
				4FEDCBD32AC2E0C900C3BEC2 /* ContentView.swift */,
				4FEDCBD72AC2E0CB00C3BEC2 /* Preview Content */,
			);
			path = Hotel;
			sourceTree = "<group>";
		};
		4FEDCBD72AC2E0CB00C3BEC2 /* Preview Content */ = {
			isa = PBXGroup;
			children = (
				4FEDCBD82AC2E0CB00C3BEC2 /* Preview Assets.xcassets */,
			);
			path = "Preview Content";
			sourceTree = "<group>";
		};
		4FEDCBDF2AC2E26200C3BEC2 /* Modules */ = {
			isa = PBXGroup;
			children = (
				4FEDCBE02AC2E26500C3BEC2 /* HotelScreen */,
			);
			path = Modules;
			sourceTree = "<group>";
		};
		4FEDCBE02AC2E26500C3BEC2 /* HotelScreen */ = {
			isa = PBXGroup;
			children = (
				4FEDCBE12AC2E26B00C3BEC2 /* View */,
			);
			path = HotelScreen;
			sourceTree = "<group>";
		};
		4FEDCBE12AC2E26B00C3BEC2 /* View */ = {
			isa = PBXGroup;
			children = (
				4FEDCBE22AC2E27700C3BEC2 /* HotelScreen.swift */,
			);
			path = View;
			sourceTree = "<group>";
		};
		4FEDCBE42AC2E2B800C3BEC2 /* Resources */ = {
			isa = PBXGroup;
			children = (
				4FEDCBE72AC2E3E200C3BEC2 /* Fonts */,
				4FEDCBD52AC2E0CB00C3BEC2 /* Assets.xcassets */,
				4FEDCBE52AC2E2E800C3BEC2 /* Resources.swift */,
			);
			path = Resources;
			sourceTree = "<group>";
		};
		4FEDCBE72AC2E3E200C3BEC2 /* Fonts */ = {
			isa = PBXGroup;
			children = (
				4FEDCBE82AC2E3E800C3BEC2 /* SF Pro Display */,
			);
			path = Fonts;
			sourceTree = "<group>";
		};
		4FEDCBE82AC2E3E800C3BEC2 /* SF Pro Display */ = {
			isa = PBXGroup;
			children = (
				4FEDCBF12AC2E40B00C3BEC2 /* SF-Pro-Display-Black.otf */,
				4FEDCBED2AC2E40B00C3BEC2 /* SF-Pro-Display-BlackItalic.otf */,
				4FEDCBFA2AC2E40D00C3BEC2 /* SF-Pro-Display-Bold.otf */,
				4FEDCBEA2AC2E40B00C3BEC2 /* SF-Pro-Display-BoldItalic.otf */,
				4FEDCBF72AC2E40D00C3BEC2 /* SF-Pro-Display-Heavy.otf */,
				4FEDCBEF2AC2E40B00C3BEC2 /* SF-Pro-Display-HeavyItalic.otf */,
				4FEDCBEB2AC2E40B00C3BEC2 /* SF-Pro-Display-Light.otf */,
				4FEDCBF32AC2E40C00C3BEC2 /* SF-Pro-Display-LightItalic.otf */,
				4FEDCBEE2AC2E40B00C3BEC2 /* SF-Pro-Display-Medium.otf */,
				4FEDCBF42AC2E40C00C3BEC2 /* SF-Pro-Display-MediumItalic.otf */,
				4FEDCBF92AC2E40D00C3BEC2 /* SF-Pro-Display-Regular.otf */,
				4FEDCBE92AC2E40B00C3BEC2 /* SF-Pro-Display-RegularItalic.otf */,
				4FEDCBF22AC2E40B00C3BEC2 /* SF-Pro-Display-Semibold.otf */,
				4FEDCBF62AC2E40C00C3BEC2 /* SF-Pro-Display-SemiboldItalic.otf */,
				4FEDCBF02AC2E40B00C3BEC2 /* SF-Pro-Display-Thin.otf */,
				4FEDCBF52AC2E40C00C3BEC2 /* SF-Pro-Display-ThinItalic.otf */,
				4FEDCBEC2AC2E40B00C3BEC2 /* SF-Pro-Display-Ultralight.otf */,
				4FEDCBF82AC2E40D00C3BEC2 /* SF-Pro-Display-UltralightItalic.otf */,
			);
			path = "SF Pro Display";
			sourceTree = "<group>";
		};
		4FEDCBFC2AC2E42A00C3BEC2 /* Extensions */ = {
			isa = PBXGroup;
			children = (
				4FEDCBFF2AC2E49400C3BEC2 /* Text+Font.swift */,
			);
			path = Extensions;
			sourceTree = "<group>";
		};
/* End PBXGroup section */

/* Begin PBXNativeTarget section */
		4FEDCBCD2AC2E0C900C3BEC2 /* Hotel */ = {
			isa = PBXNativeTarget;
			buildConfigurationList = 4FEDCBDC2AC2E0CB00C3BEC2 /* Build configuration list for PBXNativeTarget "Hotel" */;
			buildPhases = (
				4FEDCBCA2AC2E0C900C3BEC2 /* Sources */,
				4FEDCBCB2AC2E0C900C3BEC2 /* Frameworks */,
				4FEDCBCC2AC2E0C900C3BEC2 /* Resources */,
			);
			buildRules = (
			);
			dependencies = (
			);
			name = Hotel;
			productName = Hotel;
			productReference = 4FEDCBCE2AC2E0C900C3BEC2 /* Hotel.app */;
			productType = "com.apple.product-type.application";
		};
/* End PBXNativeTarget section */

/* Begin PBXProject section */
		4FEDCBC62AC2E0C900C3BEC2 /* Project object */ = {
			isa = PBXProject;
			attributes = {
				BuildIndependentTargetsInParallel = 1;
				LastSwiftUpdateCheck = 1420;
				LastUpgradeCheck = 1420;
				TargetAttributes = {
					4FEDCBCD2AC2E0C900C3BEC2 = {
						CreatedOnToolsVersion = 14.2;
					};
				};
			};
			buildConfigurationList = 4FEDCBC92AC2E0C900C3BEC2 /* Build configuration list for PBXProject "Hotel" */;
			compatibilityVersion = "Xcode 14.0";
			developmentRegion = en;
			hasScannedForEncodings = 0;
			knownRegions = (
				en,
				Base,
			);
			mainGroup = 4FEDCBC52AC2E0C900C3BEC2;
			productRefGroup = 4FEDCBCF2AC2E0C900C3BEC2 /* Products */;
			projectDirPath = "";
			projectRoot = "";
			targets = (
				4FEDCBCD2AC2E0C900C3BEC2 /* Hotel */,
			);
		};
/* End PBXProject section */

/* Begin PBXResourcesBuildPhase section */
		4FEDCBCC2AC2E0C900C3BEC2 /* Resources */ = {
			isa = PBXResourcesBuildPhase;
			buildActionMask = 2147483647;
			files = (
				4FEDCC082AC2E81900C3BEC2 /* SF-Pro-Display-Thin.otf in Resources */,
				4FEDCC0F2AC2E81900C3BEC2 /* SF-Pro-Display-BlackItalic.otf in Resources */,
				4FEDCC022AC2E81900C3BEC2 /* SF-Pro-Display-Medium.otf in Resources */,
				4FEDCC032AC2E81900C3BEC2 /* SF-Pro-Display-MediumItalic.otf in Resources */,
				4FEDCC062AC2E81900C3BEC2 /* SF-Pro-Display-BoldItalic.otf in Resources */,
				4FEDCC0B2AC2E81900C3BEC2 /* SF-Pro-Display-SemiboldItalic.otf in Resources */,
				4FEDCC122AC2E81900C3BEC2 /* SF-Pro-Display-Bold.otf in Resources */,
				4FEDCC112AC2E81900C3BEC2 /* SF-Pro-Display-Ultralight.otf in Resources */,
				4FEDCC092AC2E81900C3BEC2 /* SF-Pro-Display-Black.otf in Resources */,
				4FEDCC052AC2E81900C3BEC2 /* SF-Pro-Display-Heavy.otf in Resources */,
				4FEDCC102AC2E81900C3BEC2 /* SF-Pro-Display-LightItalic.otf in Resources */,
				4FEDCC0C2AC2E81900C3BEC2 /* SF-Pro-Display-UltralightItalic.otf in Resources */,
				4FEDCC0E2AC2E81900C3BEC2 /* SF-Pro-Display-Semibold.otf in Resources */,
				4FEDCBD92AC2E0CB00C3BEC2 /* Preview Assets.xcassets in Resources */,
				4FEDCC012AC2E81900C3BEC2 /* SF-Pro-Display-HeavyItalic.otf in Resources */,
				4FEDCC042AC2E81900C3BEC2 /* SF-Pro-Display-ThinItalic.otf in Resources */,
				4FEDCBD62AC2E0CB00C3BEC2 /* Assets.xcassets in Resources */,
				4FEDCC0A2AC2E81900C3BEC2 /* SF-Pro-Display-Light.otf in Resources */,
				4FEDCC0D2AC2E81900C3BEC2 /* SF-Pro-Display-Regular.otf in Resources */,
				4FEDCC072AC2E81900C3BEC2 /* SF-Pro-Display-RegularItalic.otf in Resources */,
			);
			runOnlyForDeploymentPostprocessing = 0;
		};
/* End PBXResourcesBuildPhase section */

/* Begin PBXSourcesBuildPhase section */
		4FEDCBCA2AC2E0C900C3BEC2 /* Sources */ = {
			isa = PBXSourcesBuildPhase;
			buildActionMask = 2147483647;
			files = (
				4FEDCBE32AC2E27700C3BEC2 /* HotelScreen.swift in Sources */,
				4FEDCC002AC2E49400C3BEC2 /* Text+Font.swift in Sources */,
				4FEDCBE62AC2E2E800C3BEC2 /* Resources.swift in Sources */,
				4FEDCBD42AC2E0C900C3BEC2 /* ContentView.swift in Sources */,
				4FEDCBD22AC2E0C900C3BEC2 /* HotelApp.swift in Sources */,
			);
			runOnlyForDeploymentPostprocessing = 0;
		};
/* End PBXSourcesBuildPhase section */

/* Begin XCBuildConfiguration section */
		4FEDCBDA2AC2E0CB00C3BEC2 /* Debug */ = {
			isa = XCBuildConfiguration;
			buildSettings = {
				ALWAYS_SEARCH_USER_PATHS = NO;
				CLANG_ANALYZER_NONNULL = YES;
				CLANG_ANALYZER_NUMBER_OBJECT_CONVERSION = YES_AGGRESSIVE;
				CLANG_CXX_LANGUAGE_STANDARD = "gnu++20";
				CLANG_ENABLE_MODULES = YES;
				CLANG_ENABLE_OBJC_ARC = YES;
				CLANG_ENABLE_OBJC_WEAK = YES;
				CLANG_WARN_BLOCK_CAPTURE_AUTORELEASING = YES;
				CLANG_WARN_BOOL_CONVERSION = YES;
				CLANG_WARN_COMMA = YES;
				CLANG_WARN_CONSTANT_CONVERSION = YES;
				CLANG_WARN_DEPRECATED_OBJC_IMPLEMENTATIONS = YES;
				CLANG_WARN_DIRECT_OBJC_ISA_USAGE = YES_ERROR;
				CLANG_WARN_DOCUMENTATION_COMMENTS = YES;
				CLANG_WARN_EMPTY_BODY = YES;
				CLANG_WARN_ENUM_CONVERSION = YES;
				CLANG_WARN_INFINITE_RECURSION = YES;
				CLANG_WARN_INT_CONVERSION = YES;
				CLANG_WARN_NON_LITERAL_NULL_CONVERSION = YES;
				CLANG_WARN_OBJC_IMPLICIT_RETAIN_SELF = YES;
				CLANG_WARN_OBJC_LITERAL_CONVERSION = YES;
				CLANG_WARN_OBJC_ROOT_CLASS = YES_ERROR;
				CLANG_WARN_QUOTED_INCLUDE_IN_FRAMEWORK_HEADER = YES;
				CLANG_WARN_RANGE_LOOP_ANALYSIS = YES;
				CLANG_WARN_STRICT_PROTOTYPES = YES;
				CLANG_WARN_SUSPICIOUS_MOVE = YES;
				CLANG_WARN_UNGUARDED_AVAILABILITY = YES_AGGRESSIVE;
				CLANG_WARN_UNREACHABLE_CODE = YES;
				CLANG_WARN__DUPLICATE_METHOD_MATCH = YES;
				COPY_PHASE_STRIP = NO;
				DEBUG_INFORMATION_FORMAT = dwarf;
				ENABLE_STRICT_OBJC_MSGSEND = YES;
				ENABLE_TESTABILITY = YES;
				GCC_C_LANGUAGE_STANDARD = gnu11;
				GCC_DYNAMIC_NO_PIC = NO;
				GCC_NO_COMMON_BLOCKS = YES;
				GCC_OPTIMIZATION_LEVEL = 0;
				GCC_PREPROCESSOR_DEFINITIONS = (
					"DEBUG=1",
					"$(inherited)",
				);
				GCC_WARN_64_TO_32_BIT_CONVERSION = YES;
				GCC_WARN_ABOUT_RETURN_TYPE = YES_ERROR;
				GCC_WARN_UNDECLARED_SELECTOR = YES;
				GCC_WARN_UNINITIALIZED_AUTOS = YES_AGGRESSIVE;
				GCC_WARN_UNUSED_FUNCTION = YES;
				GCC_WARN_UNUSED_VARIABLE = YES;
				IPHONEOS_DEPLOYMENT_TARGET = 16.2;
				MTL_ENABLE_DEBUG_INFO = INCLUDE_SOURCE;
				MTL_FAST_MATH = YES;
				ONLY_ACTIVE_ARCH = YES;
				SDKROOT = iphoneos;
				SWIFT_ACTIVE_COMPILATION_CONDITIONS = DEBUG;
				SWIFT_OPTIMIZATION_LEVEL = "-Onone";
			};
			name = Debug;
		};
		4FEDCBDB2AC2E0CB00C3BEC2 /* Release */ = {
			isa = XCBuildConfiguration;
			buildSettings = {
				ALWAYS_SEARCH_USER_PATHS = NO;
				CLANG_ANALYZER_NONNULL = YES;
				CLANG_ANALYZER_NUMBER_OBJECT_CONVERSION = YES_AGGRESSIVE;
				CLANG_CXX_LANGUAGE_STANDARD = "gnu++20";
				CLANG_ENABLE_MODULES = YES;
				CLANG_ENABLE_OBJC_ARC = YES;
				CLANG_ENABLE_OBJC_WEAK = YES;
				CLANG_WARN_BLOCK_CAPTURE_AUTORELEASING = YES;
				CLANG_WARN_BOOL_CONVERSION = YES;
				CLANG_WARN_COMMA = YES;
				CLANG_WARN_CONSTANT_CONVERSION = YES;
				CLANG_WARN_DEPRECATED_OBJC_IMPLEMENTATIONS = YES;
				CLANG_WARN_DIRECT_OBJC_ISA_USAGE = YES_ERROR;
				CLANG_WARN_DOCUMENTATION_COMMENTS = YES;
				CLANG_WARN_EMPTY_BODY = YES;
				CLANG_WARN_ENUM_CONVERSION = YES;
				CLANG_WARN_INFINITE_RECURSION = YES;
				CLANG_WARN_INT_CONVERSION = YES;
				CLANG_WARN_NON_LITERAL_NULL_CONVERSION = YES;
				CLANG_WARN_OBJC_IMPLICIT_RETAIN_SELF = YES;
				CLANG_WARN_OBJC_LITERAL_CONVERSION = YES;
				CLANG_WARN_OBJC_ROOT_CLASS = YES_ERROR;
				CLANG_WARN_QUOTED_INCLUDE_IN_FRAMEWORK_HEADER = YES;
				CLANG_WARN_RANGE_LOOP_ANALYSIS = YES;
				CLANG_WARN_STRICT_PROTOTYPES = YES;
				CLANG_WARN_SUSPICIOUS_MOVE = YES;
				CLANG_WARN_UNGUARDED_AVAILABILITY = YES_AGGRESSIVE;
				CLANG_WARN_UNREACHABLE_CODE = YES;
				CLANG_WARN__DUPLICATE_METHOD_MATCH = YES;
				COPY_PHASE_STRIP = NO;
				DEBUG_INFORMATION_FORMAT = "dwarf-with-dsym";
				ENABLE_NS_ASSERTIONS = NO;
				ENABLE_STRICT_OBJC_MSGSEND = YES;
				GCC_C_LANGUAGE_STANDARD = gnu11;
				GCC_NO_COMMON_BLOCKS = YES;
				GCC_WARN_64_TO_32_BIT_CONVERSION = YES;
				GCC_WARN_ABOUT_RETURN_TYPE = YES_ERROR;
				GCC_WARN_UNDECLARED_SELECTOR = YES;
				GCC_WARN_UNINITIALIZED_AUTOS = YES_AGGRESSIVE;
				GCC_WARN_UNUSED_FUNCTION = YES;
				GCC_WARN_UNUSED_VARIABLE = YES;
				IPHONEOS_DEPLOYMENT_TARGET = 16.2;
				MTL_ENABLE_DEBUG_INFO = NO;
				MTL_FAST_MATH = YES;
				SDKROOT = iphoneos;
				SWIFT_COMPILATION_MODE = wholemodule;
				SWIFT_OPTIMIZATION_LEVEL = "-O";
				VALIDATE_PRODUCT = YES;
			};
			name = Release;
		};
		4FEDCBDD2AC2E0CB00C3BEC2 /* Debug */ = {
			isa = XCBuildConfiguration;
			buildSettings = {
				ASSETCATALOG_COMPILER_APPICON_NAME = AppIcon;
				ASSETCATALOG_COMPILER_GLOBAL_ACCENT_COLOR_NAME = AccentColor;
				CODE_SIGN_STYLE = Automatic;
				CURRENT_PROJECT_VERSION = 1;
				DEVELOPMENT_ASSET_PATHS = "\"Hotel/Preview Content\"";
				DEVELOPMENT_TEAM = ZR7Z862SYX;
				ENABLE_PREVIEWS = YES;
				GENERATE_INFOPLIST_FILE = YES;
				INFOPLIST_FILE = Hotel/Info.plist;
				INFOPLIST_KEY_UIApplicationSceneManifest_Generation = YES;
				INFOPLIST_KEY_UIApplicationSupportsIndirectInputEvents = YES;
				INFOPLIST_KEY_UILaunchScreen_Generation = YES;
				INFOPLIST_KEY_UISupportedInterfaceOrientations_iPad = "UIInterfaceOrientationPortrait UIInterfaceOrientationPortraitUpsideDown UIInterfaceOrientationLandscapeLeft UIInterfaceOrientationLandscapeRight";
				INFOPLIST_KEY_UISupportedInterfaceOrientations_iPhone = "UIInterfaceOrientationPortrait UIInterfaceOrientationLandscapeLeft UIInterfaceOrientationLandscapeRight";
				LD_RUNPATH_SEARCH_PATHS = (
					"$(inherited)",
					"@executable_path/Frameworks",
				);
				MARKETING_VERSION = 1.0;
				PRODUCT_BUNDLE_IDENTIFIER = com.Hotel;
				PRODUCT_NAME = "$(TARGET_NAME)";
				SWIFT_EMIT_LOC_STRINGS = YES;
				SWIFT_VERSION = 5.0;
				TARGETED_DEVICE_FAMILY = "1,2";
			};
			name = Debug;
		};
		4FEDCBDE2AC2E0CB00C3BEC2 /* Release */ = {
			isa = XCBuildConfiguration;
			buildSettings = {
				ASSETCATALOG_COMPILER_APPICON_NAME = AppIcon;
				ASSETCATALOG_COMPILER_GLOBAL_ACCENT_COLOR_NAME = AccentColor;
				CODE_SIGN_STYLE = Automatic;
				CURRENT_PROJECT_VERSION = 1;
				DEVELOPMENT_ASSET_PATHS = "\"Hotel/Preview Content\"";
				DEVELOPMENT_TEAM = ZR7Z862SYX;
				ENABLE_PREVIEWS = YES;
				GENERATE_INFOPLIST_FILE = YES;
				INFOPLIST_FILE = Hotel/Info.plist;
				INFOPLIST_KEY_UIApplicationSceneManifest_Generation = YES;
				INFOPLIST_KEY_UIApplicationSupportsIndirectInputEvents = YES;
				INFOPLIST_KEY_UILaunchScreen_Generation = YES;
				INFOPLIST_KEY_UISupportedInterfaceOrientations_iPad = "UIInterfaceOrientationPortrait UIInterfaceOrientationPortraitUpsideDown UIInterfaceOrientationLandscapeLeft UIInterfaceOrientationLandscapeRight";
				INFOPLIST_KEY_UISupportedInterfaceOrientations_iPhone = "UIInterfaceOrientationPortrait UIInterfaceOrientationLandscapeLeft UIInterfaceOrientationLandscapeRight";
				LD_RUNPATH_SEARCH_PATHS = (
					"$(inherited)",
					"@executable_path/Frameworks",
				);
				MARKETING_VERSION = 1.0;
				PRODUCT_BUNDLE_IDENTIFIER = com.Hotel;
				PRODUCT_NAME = "$(TARGET_NAME)";
				SWIFT_EMIT_LOC_STRINGS = YES;
				SWIFT_VERSION = 5.0;
				TARGETED_DEVICE_FAMILY = "1,2";
			};
			name = Release;
		};
/* End XCBuildConfiguration section */

/* Begin XCConfigurationList section */
		4FEDCBC92AC2E0C900C3BEC2 /* Build configuration list for PBXProject "Hotel" */ = {
			isa = XCConfigurationList;
			buildConfigurations = (
				4FEDCBDA2AC2E0CB00C3BEC2 /* Debug */,
				4FEDCBDB2AC2E0CB00C3BEC2 /* Release */,
			);
			defaultConfigurationIsVisible = 0;
			defaultConfigurationName = Release;
		};
		4FEDCBDC2AC2E0CB00C3BEC2 /* Build configuration list for PBXNativeTarget "Hotel" */ = {
			isa = XCConfigurationList;
			buildConfigurations = (
				4FEDCBDD2AC2E0CB00C3BEC2 /* Debug */,
				4FEDCBDE2AC2E0CB00C3BEC2 /* Release */,
			);
			defaultConfigurationIsVisible = 0;
			defaultConfigurationName = Release;
		};
/* End XCConfigurationList section */
	};
	rootObject = 4FEDCBC62AC2E0C900C3BEC2 /* Project object */;
}
